
Microsoft Visual Studio Solution File, Format Version 12.00
# Visual Studio Version 17
VisualStudioVersion = 17.7.34202.233
MinimumVisualStudioVersion = 10.0.40219.1
Project("{FAE04EC0-301F-11D3-BF4B-00C04F79EFBC}") = "Pokedex", "Pokedex\Pokedex.csproj", "{DC676098-21C5-4DB6-9235-FA508F18E26F}"
EndProject
Project("{2150E333-8FDC-42A3-9474-1A3956D46DE8}") = "Elementos de la solución", "Elementos de la solución", "{D847CC4E-C172-42D2-8B18-ADB5A811F355}"
EndProject
Project("{FAE04EC0-301F-11D3-BF4B-00C04F79EFBC}") = "domini", "domini\domini.csproj", "{B6A178B7-DF5A-4C7A-9A4D-78BF4AA1F3CC}"
EndProject
Project("{FAE04EC0-301F-11D3-BF4B-00C04F79EFBC}") = "Negocio", "Negocio\Negocio.csproj", "{2681DF9B-20ED-4C10-B385-74EBC03A2604}"
EndProject
Global
	GlobalSection(SolutionConfigurationPlatforms) = preSolution
		Debug|Any CPU = Debug|Any CPU
		Release|Any CPU = Release|Any CPU
	EndGlobalSection
	GlobalSection(ProjectConfigurationPlatforms) = postSolution
		{DC676098-21C5-4DB6-9235-FA508F18E26F}.Debug|Any CPU.ActiveCfg = Debug|Any CPU
		{DC676098-21C5-4DB6-9235-FA508F18E26F}.Debug|Any CPU.Build.0 = Debug|Any CPU
		{DC676098-21C5-4DB6-9235-FA508F18E26F}.Release|Any CPU.ActiveCfg = Release|Any CPU
		{DC676098-21C5-4DB6-9235-FA508F18E26F}.Release|Any CPU.Build.0 = Release|Any CPU
		{B6A178B7-DF5A-4C7A-9A4D-78BF4AA1F3CC}.Debug|Any CPU.ActiveCfg = Debug|Any CPU
		{B6A178B7-DF5A-4C7A-9A4D-78BF4AA1F3CC}.Debug|Any CPU.Build.0 = Debug|Any CPU
		{B6A178B7-DF5A-4C7A-9A4D-78BF4AA1F3CC}.Release|Any CPU.ActiveCfg = Release|Any CPU
		{B6A178B7-DF5A-4C7A-9A4D-78BF4AA1F3CC}.Release|Any CPU.Build.0 = Release|Any CPU
		{2681DF9B-20ED-4C10-B385-74EBC03A2604}.Debug|Any CPU.ActiveCfg = Debug|Any CPU
		{2681DF9B-20ED-4C10-B385-74EBC03A2604}.Debug|Any CPU.Build.0 = Debug|Any CPU
		{2681DF9B-20ED-4C10-B385-74EBC03A2604}.Release|Any CPU.ActiveCfg = Release|Any CPU
		{2681DF9B-20ED-4C10-B385-74EBC03A2604}.Release|Any CPU.Build.0 = Release|Any CPU
	EndGlobalSection
	GlobalSection(SolutionProperties) = preSolution
		HideSolutionNode = FALSE
	EndGlobalSection
	GlobalSection(ExtensibilityGlobals) = postSolution
		SolutionGuid = {382992B7-C09F-4066-B2CB-EC00130180C3}
	EndGlobalSection
EndGlobal
